
Microsoft Visual Studio Solution File, Format Version 12.00
# Visual Studio Version 17
VisualStudioVersion = 17.1.32228.430
MinimumVisualStudioVersion = 10.0.40219.1
Project("{2150E333-8FDC-42A3-9474-1A3956D46DE8}") = "src", "src", "{DD0A4AB8-1645-4B20-ADF9-9839CF572FC0}"
EndProject
Project("{9A19103F-16F7-4668-BE54-9A1E7A4F7556}") = "ThePlague.Networking.Pipelines", "src\ThePlague.Networking.Pipelines\ThePlague.Networking.Pipelines.csproj", "{138ACC3A-FAE6-4323-8C50-598B4486C4F1}"
EndProject
Project("{9A19103F-16F7-4668-BE54-9A1E7A4F7556}") = "ThePlague.Networking.Connections", "src\ThePlague.Networking.Connections\ThePlague.Networking.Connections.csproj", "{CBEA1B51-AF0D-4A6F-ACE6-317DAB5E7763}"
EndProject
Project("{9A19103F-16F7-4668-BE54-9A1E7A4F7556}") = "ThePlague.Networking.Transports.Sockets", "src\ThePlague.Networking.Transports.Sockets\ThePlague.Networking.Transports.Sockets.csproj", "{A0F3BDB6-D7F7-49E8-A55F-3F1B371EC196}"
EndProject
Project("{9A19103F-16F7-4668-BE54-9A1E7A4F7556}") = "ThePlague.Networking.Tls", "src\ThePlague.Networking.Tls\ThePlague.Networking.Tls.csproj", "{A4437BAC-313E-4187-9456-D5A015D8CA34}"
EndProject
Project("{9A19103F-16F7-4668-BE54-9A1E7A4F7556}") = "ThePlague.Networking.Proxy", "src\ThePlague.Networking.Proxy\ThePlague.Networking.Proxy.csproj", "{C0A9A3A6-94A9-4054-89EB-4D50F46E63E6}"
EndProject
Project("{9A19103F-16F7-4668-BE54-9A1E7A4F7556}") = "ThePlague.Networking.Transports.Pipes", "src\ThePlague.Networking.Transports.Pipes\ThePlague.Networking.Transports.Pipes.csproj", "{671D75F2-84C3-409D-8FDB-F57FEEDE4FF5}"
EndProject
Project("{2150E333-8FDC-42A3-9474-1A3956D46DE8}") = "deps", "deps", "{96608C6F-F7AC-4264-B6EB-39E0849EBCBD}"
EndProject
Project("{9A19103F-16F7-4668-BE54-9A1E7A4F7556}") = "OpenSSL.Core", "deps\OpenSSL.Core\src\OpenSSL.Core\OpenSSL.Core.csproj", "{546918AB-00E8-4922-B257-B72F29338124}"
EndProject
Project("{9A19103F-16F7-4668-BE54-9A1E7A4F7556}") = "OpenSSL.Core.Generator", "deps\OpenSSL.Core\src\OpenSSL.Core.Generator\OpenSSL.Core.Generator.csproj", "{28BF35D7-2152-4DAE-A865-7D6EC0042233}"
EndProject
Project("{2150E333-8FDC-42A3-9474-1A3956D46DE8}") = "test", "test", "{CDF968B1-9651-4987-9199-CABF5299A22A}"
EndProject
Project("{9A19103F-16F7-4668-BE54-9A1E7A4F7556}") = "ThePlague.Networking.Tests", "test\ThePlague.Networking.Tests\ThePlague.Networking.Tests.csproj", "{891DEEB4-2FA1-4027-8D9E-C0F5CA3A1A3C}"
EndProject
Project("{2150E333-8FDC-42A3-9474-1A3956D46DE8}") = "Solution Items", "Solution Items", "{F72650CF-A4DE-4EAE-9D0F-CFC1CF4EA90D}"
	ProjectSection(SolutionItems) = preProject
		Directory.Build.props = Directory.Build.props
	EndProjectSection
EndProject
Project("{2150E333-8FDC-42A3-9474-1A3956D46DE8}") = "bench", "bench", "{B09A1316-EE2A-403B-9C34-A0A548781F97}"
EndProject
Project("{9A19103F-16F7-4668-BE54-9A1E7A4F7556}") = "Benchmark", "bench\Benchmark\Benchmark.csproj", "{372EEE83-3125-4CA8-A432-B6AC82D0F2A6}"
EndProject
Project("{9A19103F-16F7-4668-BE54-9A1E7A4F7556}") = "ThePlague.Networking.Logging", "src\ThePlague.Networking.Logging\ThePlague.Networking.Logging.csproj", "{A5DDB5E3-F9F7-4DEE-BED6-8F9AED4F0830}"
EndProject
Project("{FAE04EC0-301F-11D3-BF4B-00C04F79EFBC}") = "ThePlague.Networking.Transports", "src\ThePlague.Networking.Transports\ThePlague.Networking.Transports.csproj", "{0A17777A-2965-4C38-848D-D7CD9B50070D}"
EndProject
Global
	GlobalSection(SolutionConfigurationPlatforms) = preSolution
		Debug|Any CPU = Debug|Any CPU
		Debug|x64 = Debug|x64
		Debug|x86 = Debug|x86
		Release|Any CPU = Release|Any CPU
		Release|x64 = Release|x64
		Release|x86 = Release|x86
	EndGlobalSection
	GlobalSection(ProjectConfigurationPlatforms) = postSolution
		{138ACC3A-FAE6-4323-8C50-598B4486C4F1}.Debug|Any CPU.ActiveCfg = Debug|Any CPU
		{138ACC3A-FAE6-4323-8C50-598B4486C4F1}.Debug|Any CPU.Build.0 = Debug|Any CPU
		{138ACC3A-FAE6-4323-8C50-598B4486C4F1}.Debug|x64.ActiveCfg = Debug|Any CPU
		{138ACC3A-FAE6-4323-8C50-598B4486C4F1}.Debug|x64.Build.0 = Debug|Any CPU
		{138ACC3A-FAE6-4323-8C50-598B4486C4F1}.Debug|x86.ActiveCfg = Debug|Any CPU
		{138ACC3A-FAE6-4323-8C50-598B4486C4F1}.Debug|x86.Build.0 = Debug|Any CPU
		{138ACC3A-FAE6-4323-8C50-598B4486C4F1}.Release|Any CPU.ActiveCfg = Release|Any CPU
		{138ACC3A-FAE6-4323-8C50-598B4486C4F1}.Release|Any CPU.Build.0 = Release|Any CPU
		{138ACC3A-FAE6-4323-8C50-598B4486C4F1}.Release|x64.ActiveCfg = Release|Any CPU
		{138ACC3A-FAE6-4323-8C50-598B4486C4F1}.Release|x64.Build.0 = Release|Any CPU
		{138ACC3A-FAE6-4323-8C50-598B4486C4F1}.Release|x86.ActiveCfg = Release|Any CPU
		{138ACC3A-FAE6-4323-8C50-598B4486C4F1}.Release|x86.Build.0 = Release|Any CPU
		{CBEA1B51-AF0D-4A6F-ACE6-317DAB5E7763}.Debug|Any CPU.ActiveCfg = Debug|Any CPU
		{CBEA1B51-AF0D-4A6F-ACE6-317DAB5E7763}.Debug|Any CPU.Build.0 = Debug|Any CPU
		{CBEA1B51-AF0D-4A6F-ACE6-317DAB5E7763}.Debug|x64.ActiveCfg = Debug|Any CPU
		{CBEA1B51-AF0D-4A6F-ACE6-317DAB5E7763}.Debug|x64.Build.0 = Debug|Any CPU
		{CBEA1B51-AF0D-4A6F-ACE6-317DAB5E7763}.Debug|x86.ActiveCfg = Debug|Any CPU
		{CBEA1B51-AF0D-4A6F-ACE6-317DAB5E7763}.Debug|x86.Build.0 = Debug|Any CPU
		{CBEA1B51-AF0D-4A6F-ACE6-317DAB5E7763}.Release|Any CPU.ActiveCfg = Release|Any CPU
		{CBEA1B51-AF0D-4A6F-ACE6-317DAB5E7763}.Release|Any CPU.Build.0 = Release|Any CPU
		{CBEA1B51-AF0D-4A6F-ACE6-317DAB5E7763}.Release|x64.ActiveCfg = Release|Any CPU
		{CBEA1B51-AF0D-4A6F-ACE6-317DAB5E7763}.Release|x64.Build.0 = Release|Any CPU
		{CBEA1B51-AF0D-4A6F-ACE6-317DAB5E7763}.Release|x86.ActiveCfg = Release|Any CPU
		{CBEA1B51-AF0D-4A6F-ACE6-317DAB5E7763}.Release|x86.Build.0 = Release|Any CPU
		{A0F3BDB6-D7F7-49E8-A55F-3F1B371EC196}.Debug|Any CPU.ActiveCfg = Debug|Any CPU
		{A0F3BDB6-D7F7-49E8-A55F-3F1B371EC196}.Debug|Any CPU.Build.0 = Debug|Any CPU
		{A0F3BDB6-D7F7-49E8-A55F-3F1B371EC196}.Debug|x64.ActiveCfg = Debug|Any CPU
		{A0F3BDB6-D7F7-49E8-A55F-3F1B371EC196}.Debug|x64.Build.0 = Debug|Any CPU
		{A0F3BDB6-D7F7-49E8-A55F-3F1B371EC196}.Debug|x86.ActiveCfg = Debug|Any CPU
		{A0F3BDB6-D7F7-49E8-A55F-3F1B371EC196}.Debug|x86.Build.0 = Debug|Any CPU
		{A0F3BDB6-D7F7-49E8-A55F-3F1B371EC196}.Release|Any CPU.ActiveCfg = Release|Any CPU
		{A0F3BDB6-D7F7-49E8-A55F-3F1B371EC196}.Release|Any CPU.Build.0 = Release|Any CPU
		{A0F3BDB6-D7F7-49E8-A55F-3F1B371EC196}.Release|x64.ActiveCfg = Release|Any CPU
		{A0F3BDB6-D7F7-49E8-A55F-3F1B371EC196}.Release|x64.Build.0 = Release|Any CPU
		{A0F3BDB6-D7F7-49E8-A55F-3F1B371EC196}.Release|x86.ActiveCfg = Release|Any CPU
		{A0F3BDB6-D7F7-49E8-A55F-3F1B371EC196}.Release|x86.Build.0 = Release|Any CPU
		{A4437BAC-313E-4187-9456-D5A015D8CA34}.Debug|Any CPU.ActiveCfg = Debug|Any CPU
		{A4437BAC-313E-4187-9456-D5A015D8CA34}.Debug|Any CPU.Build.0 = Debug|Any CPU
		{A4437BAC-313E-4187-9456-D5A015D8CA34}.Debug|x64.ActiveCfg = Debug|Any CPU
		{A4437BAC-313E-4187-9456-D5A015D8CA34}.Debug|x64.Build.0 = Debug|Any CPU
		{A4437BAC-313E-4187-9456-D5A015D8CA34}.Debug|x86.ActiveCfg = Debug|Any CPU
		{A4437BAC-313E-4187-9456-D5A015D8CA34}.Debug|x86.Build.0 = Debug|Any CPU
		{A4437BAC-313E-4187-9456-D5A015D8CA34}.Release|Any CPU.ActiveCfg = Release|Any CPU
		{A4437BAC-313E-4187-9456-D5A015D8CA34}.Release|Any CPU.Build.0 = Release|Any CPU
		{A4437BAC-313E-4187-9456-D5A015D8CA34}.Release|x64.ActiveCfg = Release|Any CPU
		{A4437BAC-313E-4187-9456-D5A015D8CA34}.Release|x64.Build.0 = Release|Any CPU
		{A4437BAC-313E-4187-9456-D5A015D8CA34}.Release|x86.ActiveCfg = Release|Any CPU
		{A4437BAC-313E-4187-9456-D5A015D8CA34}.Release|x86.Build.0 = Release|Any CPU
		{C0A9A3A6-94A9-4054-89EB-4D50F46E63E6}.Debug|Any CPU.ActiveCfg = Debug|Any CPU
		{C0A9A3A6-94A9-4054-89EB-4D50F46E63E6}.Debug|Any CPU.Build.0 = Debug|Any CPU
		{C0A9A3A6-94A9-4054-89EB-4D50F46E63E6}.Debug|x64.ActiveCfg = Debug|Any CPU
		{C0A9A3A6-94A9-4054-89EB-4D50F46E63E6}.Debug|x64.Build.0 = Debug|Any CPU
		{C0A9A3A6-94A9-4054-89EB-4D50F46E63E6}.Debug|x86.ActiveCfg = Debug|Any CPU
		{C0A9A3A6-94A9-4054-89EB-4D50F46E63E6}.Debug|x86.Build.0 = Debug|Any CPU
		{C0A9A3A6-94A9-4054-89EB-4D50F46E63E6}.Release|Any CPU.ActiveCfg = Release|Any CPU
		{C0A9A3A6-94A9-4054-89EB-4D50F46E63E6}.Release|Any CPU.Build.0 = Release|Any CPU
		{C0A9A3A6-94A9-4054-89EB-4D50F46E63E6}.Release|x64.ActiveCfg = Release|Any CPU
		{C0A9A3A6-94A9-4054-89EB-4D50F46E63E6}.Release|x64.Build.0 = Release|Any CPU
		{C0A9A3A6-94A9-4054-89EB-4D50F46E63E6}.Release|x86.ActiveCfg = Release|Any CPU
		{C0A9A3A6-94A9-4054-89EB-4D50F46E63E6}.Release|x86.Build.0 = Release|Any CPU
		{671D75F2-84C3-409D-8FDB-F57FEEDE4FF5}.Debug|Any CPU.ActiveCfg = Debug|Any CPU
		{671D75F2-84C3-409D-8FDB-F57FEEDE4FF5}.Debug|Any CPU.Build.0 = Debug|Any CPU
		{671D75F2-84C3-409D-8FDB-F57FEEDE4FF5}.Debug|x64.ActiveCfg = Debug|Any CPU
		{671D75F2-84C3-409D-8FDB-F57FEEDE4FF5}.Debug|x64.Build.0 = Debug|Any CPU
		{671D75F2-84C3-409D-8FDB-F57FEEDE4FF5}.Debug|x86.ActiveCfg = Debug|Any CPU
		{671D75F2-84C3-409D-8FDB-F57FEEDE4FF5}.Debug|x86.Build.0 = Debug|Any CPU
		{671D75F2-84C3-409D-8FDB-F57FEEDE4FF5}.Release|Any CPU.ActiveCfg = Release|Any CPU
		{671D75F2-84C3-409D-8FDB-F57FEEDE4FF5}.Release|Any CPU.Build.0 = Release|Any CPU
		{671D75F2-84C3-409D-8FDB-F57FEEDE4FF5}.Release|x64.ActiveCfg = Release|Any CPU
		{671D75F2-84C3-409D-8FDB-F57FEEDE4FF5}.Release|x64.Build.0 = Release|Any CPU
		{671D75F2-84C3-409D-8FDB-F57FEEDE4FF5}.Release|x86.ActiveCfg = Release|Any CPU
		{671D75F2-84C3-409D-8FDB-F57FEEDE4FF5}.Release|x86.Build.0 = Release|Any CPU
		{546918AB-00E8-4922-B257-B72F29338124}.Debug|Any CPU.ActiveCfg = Debug|Any CPU
		{546918AB-00E8-4922-B257-B72F29338124}.Debug|Any CPU.Build.0 = Debug|Any CPU
		{546918AB-00E8-4922-B257-B72F29338124}.Debug|x64.ActiveCfg = Debug|Any CPU
		{546918AB-00E8-4922-B257-B72F29338124}.Debug|x64.Build.0 = Debug|Any CPU
		{546918AB-00E8-4922-B257-B72F29338124}.Debug|x86.ActiveCfg = Debug|Any CPU
		{546918AB-00E8-4922-B257-B72F29338124}.Debug|x86.Build.0 = Debug|Any CPU
		{546918AB-00E8-4922-B257-B72F29338124}.Release|Any CPU.ActiveCfg = Release|Any CPU
		{546918AB-00E8-4922-B257-B72F29338124}.Release|Any CPU.Build.0 = Release|Any CPU
		{546918AB-00E8-4922-B257-B72F29338124}.Release|x64.ActiveCfg = Release|Any CPU
		{546918AB-00E8-4922-B257-B72F29338124}.Release|x64.Build.0 = Release|Any CPU
		{546918AB-00E8-4922-B257-B72F29338124}.Release|x86.ActiveCfg = Release|Any CPU
		{546918AB-00E8-4922-B257-B72F29338124}.Release|x86.Build.0 = Release|Any CPU
		{28BF35D7-2152-4DAE-A865-7D6EC0042233}.Debug|Any CPU.ActiveCfg = Debug|Any CPU
		{28BF35D7-2152-4DAE-A865-7D6EC0042233}.Debug|Any CPU.Build.0 = Debug|Any CPU
		{28BF35D7-2152-4DAE-A865-7D6EC0042233}.Debug|x64.ActiveCfg = Debug|Any CPU
		{28BF35D7-2152-4DAE-A865-7D6EC0042233}.Debug|x64.Build.0 = Debug|Any CPU
		{28BF35D7-2152-4DAE-A865-7D6EC0042233}.Debug|x86.ActiveCfg = Debug|Any CPU
		{28BF35D7-2152-4DAE-A865-7D6EC0042233}.Debug|x86.Build.0 = Debug|Any CPU
		{28BF35D7-2152-4DAE-A865-7D6EC0042233}.Release|Any CPU.ActiveCfg = Release|Any CPU
		{28BF35D7-2152-4DAE-A865-7D6EC0042233}.Release|Any CPU.Build.0 = Release|Any CPU
		{28BF35D7-2152-4DAE-A865-7D6EC0042233}.Release|x64.ActiveCfg = Release|Any CPU
		{28BF35D7-2152-4DAE-A865-7D6EC0042233}.Release|x64.Build.0 = Release|Any CPU
		{28BF35D7-2152-4DAE-A865-7D6EC0042233}.Release|x86.ActiveCfg = Release|Any CPU
		{28BF35D7-2152-4DAE-A865-7D6EC0042233}.Release|x86.Build.0 = Release|Any CPU
		{891DEEB4-2FA1-4027-8D9E-C0F5CA3A1A3C}.Debug|Any CPU.ActiveCfg = Debug|Any CPU
		{891DEEB4-2FA1-4027-8D9E-C0F5CA3A1A3C}.Debug|Any CPU.Build.0 = Debug|Any CPU
		{891DEEB4-2FA1-4027-8D9E-C0F5CA3A1A3C}.Debug|x64.ActiveCfg = Debug|Any CPU
		{891DEEB4-2FA1-4027-8D9E-C0F5CA3A1A3C}.Debug|x64.Build.0 = Debug|Any CPU
		{891DEEB4-2FA1-4027-8D9E-C0F5CA3A1A3C}.Debug|x86.ActiveCfg = Debug|Any CPU
		{891DEEB4-2FA1-4027-8D9E-C0F5CA3A1A3C}.Debug|x86.Build.0 = Debug|Any CPU
		{891DEEB4-2FA1-4027-8D9E-C0F5CA3A1A3C}.Release|Any CPU.ActiveCfg = Release|Any CPU
		{891DEEB4-2FA1-4027-8D9E-C0F5CA3A1A3C}.Release|Any CPU.Build.0 = Release|Any CPU
		{891DEEB4-2FA1-4027-8D9E-C0F5CA3A1A3C}.Release|x64.ActiveCfg = Release|Any CPU
		{891DEEB4-2FA1-4027-8D9E-C0F5CA3A1A3C}.Release|x64.Build.0 = Release|Any CPU
		{891DEEB4-2FA1-4027-8D9E-C0F5CA3A1A3C}.Release|x86.ActiveCfg = Release|Any CPU
		{891DEEB4-2FA1-4027-8D9E-C0F5CA3A1A3C}.Release|x86.Build.0 = Release|Any CPU
		{372EEE83-3125-4CA8-A432-B6AC82D0F2A6}.Debug|Any CPU.ActiveCfg = Debug|Any CPU
		{372EEE83-3125-4CA8-A432-B6AC82D0F2A6}.Debug|Any CPU.Build.0 = Debug|Any CPU
		{372EEE83-3125-4CA8-A432-B6AC82D0F2A6}.Debug|x64.ActiveCfg = Debug|Any CPU
		{372EEE83-3125-4CA8-A432-B6AC82D0F2A6}.Debug|x64.Build.0 = Debug|Any CPU
		{372EEE83-3125-4CA8-A432-B6AC82D0F2A6}.Debug|x86.ActiveCfg = Debug|Any CPU
		{372EEE83-3125-4CA8-A432-B6AC82D0F2A6}.Debug|x86.Build.0 = Debug|Any CPU
		{372EEE83-3125-4CA8-A432-B6AC82D0F2A6}.Release|Any CPU.ActiveCfg = Release|Any CPU
		{372EEE83-3125-4CA8-A432-B6AC82D0F2A6}.Release|Any CPU.Build.0 = Release|Any CPU
		{372EEE83-3125-4CA8-A432-B6AC82D0F2A6}.Release|x64.ActiveCfg = Release|Any CPU
		{372EEE83-3125-4CA8-A432-B6AC82D0F2A6}.Release|x64.Build.0 = Release|Any CPU
		{372EEE83-3125-4CA8-A432-B6AC82D0F2A6}.Release|x86.ActiveCfg = Release|Any CPU
		{372EEE83-3125-4CA8-A432-B6AC82D0F2A6}.Release|x86.Build.0 = Release|Any CPU
		{A5DDB5E3-F9F7-4DEE-BED6-8F9AED4F0830}.Debug|Any CPU.ActiveCfg = Debug|Any CPU
		{A5DDB5E3-F9F7-4DEE-BED6-8F9AED4F0830}.Debug|Any CPU.Build.0 = Debug|Any CPU
		{A5DDB5E3-F9F7-4DEE-BED6-8F9AED4F0830}.Debug|x64.ActiveCfg = Debug|Any CPU
		{A5DDB5E3-F9F7-4DEE-BED6-8F9AED4F0830}.Debug|x64.Build.0 = Debug|Any CPU
		{A5DDB5E3-F9F7-4DEE-BED6-8F9AED4F0830}.Debug|x86.ActiveCfg = Debug|Any CPU
		{A5DDB5E3-F9F7-4DEE-BED6-8F9AED4F0830}.Debug|x86.Build.0 = Debug|Any CPU
		{A5DDB5E3-F9F7-4DEE-BED6-8F9AED4F0830}.Release|Any CPU.ActiveCfg = Release|Any CPU
		{A5DDB5E3-F9F7-4DEE-BED6-8F9AED4F0830}.Release|Any CPU.Build.0 = Release|Any CPU
		{A5DDB5E3-F9F7-4DEE-BED6-8F9AED4F0830}.Release|x64.ActiveCfg = Release|Any CPU
		{A5DDB5E3-F9F7-4DEE-BED6-8F9AED4F0830}.Release|x64.Build.0 = Release|Any CPU
		{A5DDB5E3-F9F7-4DEE-BED6-8F9AED4F0830}.Release|x86.ActiveCfg = Release|Any CPU
		{A5DDB5E3-F9F7-4DEE-BED6-8F9AED4F0830}.Release|x86.Build.0 = Release|Any CPU
		{0A17777A-2965-4C38-848D-D7CD9B50070D}.Debug|Any CPU.ActiveCfg = Debug|Any CPU
		{0A17777A-2965-4C38-848D-D7CD9B50070D}.Debug|Any CPU.Build.0 = Debug|Any CPU
		{0A17777A-2965-4C38-848D-D7CD9B50070D}.Debug|x64.ActiveCfg = Debug|Any CPU
		{0A17777A-2965-4C38-848D-D7CD9B50070D}.Debug|x64.Build.0 = Debug|Any CPU
		{0A17777A-2965-4C38-848D-D7CD9B50070D}.Debug|x86.ActiveCfg = Debug|Any CPU
		{0A17777A-2965-4C38-848D-D7CD9B50070D}.Debug|x86.Build.0 = Debug|Any CPU
		{0A17777A-2965-4C38-848D-D7CD9B50070D}.Release|Any CPU.ActiveCfg = Release|Any CPU
		{0A17777A-2965-4C38-848D-D7CD9B50070D}.Release|Any CPU.Build.0 = Release|Any CPU
		{0A17777A-2965-4C38-848D-D7CD9B50070D}.Release|x64.ActiveCfg = Release|Any CPU
		{0A17777A-2965-4C38-848D-D7CD9B50070D}.Release|x64.Build.0 = Release|Any CPU
		{0A17777A-2965-4C38-848D-D7CD9B50070D}.Release|x86.ActiveCfg = Release|Any CPU
		{0A17777A-2965-4C38-848D-D7CD9B50070D}.Release|x86.Build.0 = Release|Any CPU
	EndGlobalSection
	GlobalSection(SolutionProperties) = preSolution
		HideSolutionNode = FALSE
	EndGlobalSection
	GlobalSection(NestedProjects) = preSolution
		{138ACC3A-FAE6-4323-8C50-598B4486C4F1} = {DD0A4AB8-1645-4B20-ADF9-9839CF572FC0}
		{CBEA1B51-AF0D-4A6F-ACE6-317DAB5E7763} = {DD0A4AB8-1645-4B20-ADF9-9839CF572FC0}
		{A0F3BDB6-D7F7-49E8-A55F-3F1B371EC196} = {DD0A4AB8-1645-4B20-ADF9-9839CF572FC0}
		{A4437BAC-313E-4187-9456-D5A015D8CA34} = {DD0A4AB8-1645-4B20-ADF9-9839CF572FC0}
		{C0A9A3A6-94A9-4054-89EB-4D50F46E63E6} = {DD0A4AB8-1645-4B20-ADF9-9839CF572FC0}
		{671D75F2-84C3-409D-8FDB-F57FEEDE4FF5} = {DD0A4AB8-1645-4B20-ADF9-9839CF572FC0}
		{546918AB-00E8-4922-B257-B72F29338124} = {96608C6F-F7AC-4264-B6EB-39E0849EBCBD}
		{28BF35D7-2152-4DAE-A865-7D6EC0042233} = {96608C6F-F7AC-4264-B6EB-39E0849EBCBD}
		{891DEEB4-2FA1-4027-8D9E-C0F5CA3A1A3C} = {CDF968B1-9651-4987-9199-CABF5299A22A}
		{372EEE83-3125-4CA8-A432-B6AC82D0F2A6} = {B09A1316-EE2A-403B-9C34-A0A548781F97}
		{A5DDB5E3-F9F7-4DEE-BED6-8F9AED4F0830} = {DD0A4AB8-1645-4B20-ADF9-9839CF572FC0}
		{0A17777A-2965-4C38-848D-D7CD9B50070D} = {DD0A4AB8-1645-4B20-ADF9-9839CF572FC0}
	EndGlobalSection
	GlobalSection(ExtensibilityGlobals) = postSolution
		SolutionGuid = {5124FF7F-F0C4-4F17-85B2-ED0541932241}
	EndGlobalSection
EndGlobal
